
Microsoft Visual Studio Solution File, Format Version 12.00
# Visual Studio Version 16
VisualStudioVersion = 16.0.29418.71
MinimumVisualStudioVersion = 15.0.26430.4
Project("{9A19103F-16F7-4668-BE54-9A1E7A4F7556}") = "Engine", "Engine\Engine.csproj", "{E8CEDD97-833B-429D-8DAC-CD39F846789D}"
EndProject
Project("{9A19103F-16F7-4668-BE54-9A1E7A4F7556}") = "Test", "Test\Test.csproj", "{9AF33505-4A30-480D-92FE-12AFBFCFE01C}"
	ProjectSection(ProjectDependencies) = postProject
		{E8CEDD97-833B-429D-8DAC-CD39F846789D} = {E8CEDD97-833B-429D-8DAC-CD39F846789D}
	EndProjectSection
EndProject
Project("{9A19103F-16F7-4668-BE54-9A1E7A4F7556}") = "Sample", "Samples\Sample.csproj", "{B7A43F54-A032-44F4-9FEE-554CF61A3125}"
EndProject
Project("{FAE04EC0-301F-11D3-BF4B-00C04F79EFBC}") = "TestForMacLinux", "TestForMacLinux\TestForMacLinux.csproj", "{2E579EDE-9668-4595-85BF-6020A68C5B6A}"
EndProject
Global
	GlobalSection(SolutionConfigurationPlatforms) = preSolution
		Debug|Any CPU = Debug|Any CPU
		Debug|x64 = Debug|x64
		Release|Any CPU = Release|Any CPU
		Release|x64 = Release|x64
	EndGlobalSection
	GlobalSection(ProjectConfigurationPlatforms) = postSolution
		{E8CEDD97-833B-429D-8DAC-CD39F846789D}.Debug|Any CPU.ActiveCfg = Debug|x64
		{E8CEDD97-833B-429D-8DAC-CD39F846789D}.Debug|x64.ActiveCfg = Debug|x64
		{E8CEDD97-833B-429D-8DAC-CD39F846789D}.Debug|x64.Build.0 = Debug|x64
		{E8CEDD97-833B-429D-8DAC-CD39F846789D}.Release|Any CPU.ActiveCfg = Release|x64
		{E8CEDD97-833B-429D-8DAC-CD39F846789D}.Release|x64.ActiveCfg = Release|x64
		{E8CEDD97-833B-429D-8DAC-CD39F846789D}.Release|x64.Build.0 = Release|x64
		{9AF33505-4A30-480D-92FE-12AFBFCFE01C}.Debug|Any CPU.ActiveCfg = Debug|x64
		{9AF33505-4A30-480D-92FE-12AFBFCFE01C}.Debug|x64.ActiveCfg = Debug|x64
		{9AF33505-4A30-480D-92FE-12AFBFCFE01C}.Debug|x64.Build.0 = Debug|x64
		{9AF33505-4A30-480D-92FE-12AFBFCFE01C}.Release|Any CPU.ActiveCfg = Release|x64
		{9AF33505-4A30-480D-92FE-12AFBFCFE01C}.Release|x64.ActiveCfg = Release|x64
		{9AF33505-4A30-480D-92FE-12AFBFCFE01C}.Release|x64.Build.0 = Release|x64
		{B7A43F54-A032-44F4-9FEE-554CF61A3125}.Debug|Any CPU.ActiveCfg = Debug|x64
		{B7A43F54-A032-44F4-9FEE-554CF61A3125}.Debug|x64.ActiveCfg = Debug|x64
		{B7A43F54-A032-44F4-9FEE-554CF61A3125}.Debug|x64.Build.0 = Debug|x64
		{B7A43F54-A032-44F4-9FEE-554CF61A3125}.Release|Any CPU.ActiveCfg = Release|x64
		{B7A43F54-A032-44F4-9FEE-554CF61A3125}.Release|x64.ActiveCfg = Release|x64
		{B7A43F54-A032-44F4-9FEE-554CF61A3125}.Release|x64.Build.0 = Release|x64
		{2E579EDE-9668-4595-85BF-6020A68C5B6A}.Debug|Any CPU.ActiveCfg = Debug|x64
		{2E579EDE-9668-4595-85BF-6020A68C5B6A}.Debug|x64.ActiveCfg = Debug|x64
		{2E579EDE-9668-4595-85BF-6020A68C5B6A}.Debug|x64.Build.0 = Debug|x64
		{2E579EDE-9668-4595-85BF-6020A68C5B6A}.Release|Any CPU.ActiveCfg = Release|x64
		{2E579EDE-9668-4595-85BF-6020A68C5B6A}.Release|x64.ActiveCfg = Release|x64
		{2E579EDE-9668-4595-85BF-6020A68C5B6A}.Release|x64.Build.0 = Release|x64
	EndGlobalSection
	GlobalSection(SolutionProperties) = preSolution
		HideSolutionNode = FALSE
	EndGlobalSection
	GlobalSection(ExtensibilityGlobals) = postSolution
		SolutionGuid = {03A27F6C-8AA5-4EEE-BE21-B3BFECB9B100}
	EndGlobalSection
EndGlobal
